
Microsoft Visual Studio Solution File, Format Version 12.00
# Visual Studio Version 16
VisualStudioVersion = 16.0.30907.101
MinimumVisualStudioVersion = 10.0.40219.1
Project("{2150E333-8FDC-42A3-9474-1A3956D46DE8}") = "Lab1", "Lab1", "{D172BA25-AC9B-4ECA-B991-5E86E321EEFB}"
EndProject
Project("{2150E333-8FDC-42A3-9474-1A3956D46DE8}") = "Model", "Model", "{BB145D5E-DC92-427B-8A74-0D2ADBE12234}"
EndProject
Project("{2150E333-8FDC-42A3-9474-1A3956D46DE8}") = "Lab2", "Lab2", "{16B4D0B4-356D-46EF-BEB6-276BB14AE96F}"
EndProject
Project("{2150E333-8FDC-42A3-9474-1A3956D46DE8}") = "Model", "Model", "{8BFC5CB8-6236-44A1-B4C4-49351EDA934E}"
EndProject
Project("{2150E333-8FDC-42A3-9474-1A3956D46DE8}") = "View", "View", "{D834080C-E1BC-4AA6-9FA0-71128C7CD960}"
EndProject
Project("{FAE04EC0-301F-11D3-BF4B-00C04F79EFBC}") = "UniversityView", "UniversityView\UniversityView.csproj", "{31D05646-0C61-434E-9828-8BBB9488900C}"
EndProject
Project("{FAE04EC0-301F-11D3-BF4B-00C04F79EFBC}") = "UniversityModel", "UniversityModel\UniversityModel.csproj", "{539E2992-5C0E-44AF-B938-7CFC45C98DEB}"
EndProject
Project("{FAE04EC0-301F-11D3-BF4B-00C04F79EFBC}") = "GiftModel", "GiftModel\GiftModel.csproj", "{751A2CF6-A5E6-48B8-A228-D92067D97A6E}"
EndProject
Project("{FAE04EC0-301F-11D3-BF4B-00C04F79EFBC}") = "FigureModel", "FigureModel\FigureModel.csproj", "{98673CA2-D747-4CB4-9313-52C557BA3A11}"
EndProject
Project("{2150E333-8FDC-42A3-9474-1A3956D46DE8}") = "Lab3", "Lab3", "{32F8E9CB-C827-4617-8A60-34EAE7CFD63E}"
EndProject
Project("{2150E333-8FDC-42A3-9474-1A3956D46DE8}") = "Model", "Model", "{BE8C24D9-8E61-422F-8EF5-40B1984C2DAB}"
EndProject
Project("{FAE04EC0-301F-11D3-BF4B-00C04F79EFBC}") = "FigureView", "FigureView\FigureView.csproj", "{8509ECE1-8B5D-410D-9434-EBB8A67F617B}"
EndProject
Project("{2150E333-8FDC-42A3-9474-1A3956D46DE8}") = "View", "View", "{131C26B7-3D94-4F0D-97B4-572D5CB93494}"
EndProject
Project("{FAE04EC0-301F-11D3-BF4B-00C04F79EFBC}") = "NewFigureModel", "NewFigureModel\NewFigureModel.csproj", "{23790C9A-BD01-4926-B073-B47F257ED59D}"
EndProject
Project("{2150E333-8FDC-42A3-9474-1A3956D46DE8}") = "Lab4", "Lab4", "{08FED592-0569-4A16-BF41-93925D5BB01C}"
EndProject
Project("{2150E333-8FDC-42A3-9474-1A3956D46DE8}") = "Model", "Model", "{CF0B67A2-01A2-46CB-9413-D9571EECDA98}"
EndProject
Project("{FAE04EC0-301F-11D3-BF4B-00C04F79EFBC}") = "NewFigureView", "NewFigureView\NewFigureView.csproj", "{A5B352BC-2289-4768-9704-3E2FD28F3435}"
EndProject
Project("{2150E333-8FDC-42A3-9474-1A3956D46DE8}") = "View", "View", "{5679E2B7-5C39-4428-BB28-9EEE7A4F978B}"
EndProject
Global
	GlobalSection(SolutionConfigurationPlatforms) = preSolution
		Debug|Any CPU = Debug|Any CPU
		Debug|x64 = Debug|x64
		Debug|x86 = Debug|x86
		Release|Any CPU = Release|Any CPU
		Release|x64 = Release|x64
		Release|x86 = Release|x86
	EndGlobalSection
	GlobalSection(ProjectConfigurationPlatforms) = postSolution
		{31D05646-0C61-434E-9828-8BBB9488900C}.Debug|Any CPU.ActiveCfg = Debug|Any CPU
		{31D05646-0C61-434E-9828-8BBB9488900C}.Debug|Any CPU.Build.0 = Debug|Any CPU
		{31D05646-0C61-434E-9828-8BBB9488900C}.Debug|x64.ActiveCfg = Debug|Any CPU
		{31D05646-0C61-434E-9828-8BBB9488900C}.Debug|x64.Build.0 = Debug|Any CPU
		{31D05646-0C61-434E-9828-8BBB9488900C}.Debug|x86.ActiveCfg = Debug|Any CPU
		{31D05646-0C61-434E-9828-8BBB9488900C}.Debug|x86.Build.0 = Debug|Any CPU
		{31D05646-0C61-434E-9828-8BBB9488900C}.Release|Any CPU.ActiveCfg = Release|Any CPU
		{31D05646-0C61-434E-9828-8BBB9488900C}.Release|Any CPU.Build.0 = Release|Any CPU
		{31D05646-0C61-434E-9828-8BBB9488900C}.Release|x64.ActiveCfg = Release|Any CPU
		{31D05646-0C61-434E-9828-8BBB9488900C}.Release|x64.Build.0 = Release|Any CPU
		{31D05646-0C61-434E-9828-8BBB9488900C}.Release|x86.ActiveCfg = Release|Any CPU
		{31D05646-0C61-434E-9828-8BBB9488900C}.Release|x86.Build.0 = Release|Any CPU
		{539E2992-5C0E-44AF-B938-7CFC45C98DEB}.Debug|Any CPU.ActiveCfg = Debug|Any CPU
		{539E2992-5C0E-44AF-B938-7CFC45C98DEB}.Debug|Any CPU.Build.0 = Debug|Any CPU
		{539E2992-5C0E-44AF-B938-7CFC45C98DEB}.Debug|x64.ActiveCfg = Debug|Any CPU
		{539E2992-5C0E-44AF-B938-7CFC45C98DEB}.Debug|x64.Build.0 = Debug|Any CPU
		{539E2992-5C0E-44AF-B938-7CFC45C98DEB}.Debug|x86.ActiveCfg = Debug|Any CPU
		{539E2992-5C0E-44AF-B938-7CFC45C98DEB}.Debug|x86.Build.0 = Debug|Any CPU
		{539E2992-5C0E-44AF-B938-7CFC45C98DEB}.Release|Any CPU.ActiveCfg = Release|Any CPU
		{539E2992-5C0E-44AF-B938-7CFC45C98DEB}.Release|Any CPU.Build.0 = Release|Any CPU
		{539E2992-5C0E-44AF-B938-7CFC45C98DEB}.Release|x64.ActiveCfg = Release|Any CPU
		{539E2992-5C0E-44AF-B938-7CFC45C98DEB}.Release|x64.Build.0 = Release|Any CPU
		{539E2992-5C0E-44AF-B938-7CFC45C98DEB}.Release|x86.ActiveCfg = Release|Any CPU
		{539E2992-5C0E-44AF-B938-7CFC45C98DEB}.Release|x86.Build.0 = Release|Any CPU
		{751A2CF6-A5E6-48B8-A228-D92067D97A6E}.Debug|Any CPU.ActiveCfg = Debug|Any CPU
		{751A2CF6-A5E6-48B8-A228-D92067D97A6E}.Debug|Any CPU.Build.0 = Debug|Any CPU
		{751A2CF6-A5E6-48B8-A228-D92067D97A6E}.Debug|x64.ActiveCfg = Debug|Any CPU
		{751A2CF6-A5E6-48B8-A228-D92067D97A6E}.Debug|x64.Build.0 = Debug|Any CPU
		{751A2CF6-A5E6-48B8-A228-D92067D97A6E}.Debug|x86.ActiveCfg = Debug|Any CPU
		{751A2CF6-A5E6-48B8-A228-D92067D97A6E}.Debug|x86.Build.0 = Debug|Any CPU
		{751A2CF6-A5E6-48B8-A228-D92067D97A6E}.Release|Any CPU.ActiveCfg = Release|Any CPU
		{751A2CF6-A5E6-48B8-A228-D92067D97A6E}.Release|Any CPU.Build.0 = Release|Any CPU
		{751A2CF6-A5E6-48B8-A228-D92067D97A6E}.Release|x64.ActiveCfg = Release|Any CPU
		{751A2CF6-A5E6-48B8-A228-D92067D97A6E}.Release|x64.Build.0 = Release|Any CPU
		{751A2CF6-A5E6-48B8-A228-D92067D97A6E}.Release|x86.ActiveCfg = Release|Any CPU
		{751A2CF6-A5E6-48B8-A228-D92067D97A6E}.Release|x86.Build.0 = Release|Any CPU
		{98673CA2-D747-4CB4-9313-52C557BA3A11}.Debug|Any CPU.ActiveCfg = Debug|Any CPU
		{98673CA2-D747-4CB4-9313-52C557BA3A11}.Debug|Any CPU.Build.0 = Debug|Any CPU
		{98673CA2-D747-4CB4-9313-52C557BA3A11}.Debug|x64.ActiveCfg = Debug|Any CPU
		{98673CA2-D747-4CB4-9313-52C557BA3A11}.Debug|x64.Build.0 = Debug|Any CPU
		{98673CA2-D747-4CB4-9313-52C557BA3A11}.Debug|x86.ActiveCfg = Debug|Any CPU
		{98673CA2-D747-4CB4-9313-52C557BA3A11}.Debug|x86.Build.0 = Debug|Any CPU
		{98673CA2-D747-4CB4-9313-52C557BA3A11}.Release|Any CPU.ActiveCfg = Release|Any CPU
		{98673CA2-D747-4CB4-9313-52C557BA3A11}.Release|Any CPU.Build.0 = Release|Any CPU
		{98673CA2-D747-4CB4-9313-52C557BA3A11}.Release|x64.ActiveCfg = Release|Any CPU
		{98673CA2-D747-4CB4-9313-52C557BA3A11}.Release|x64.Build.0 = Release|Any CPU
		{98673CA2-D747-4CB4-9313-52C557BA3A11}.Release|x86.ActiveCfg = Release|Any CPU
		{98673CA2-D747-4CB4-9313-52C557BA3A11}.Release|x86.Build.0 = Release|Any CPU
		{8509ECE1-8B5D-410D-9434-EBB8A67F617B}.Debug|Any CPU.ActiveCfg = Debug|Any CPU
		{8509ECE1-8B5D-410D-9434-EBB8A67F617B}.Debug|Any CPU.Build.0 = Debug|Any CPU
		{8509ECE1-8B5D-410D-9434-EBB8A67F617B}.Debug|x64.ActiveCfg = Debug|Any CPU
		{8509ECE1-8B5D-410D-9434-EBB8A67F617B}.Debug|x64.Build.0 = Debug|Any CPU
		{8509ECE1-8B5D-410D-9434-EBB8A67F617B}.Debug|x86.ActiveCfg = Debug|Any CPU
		{8509ECE1-8B5D-410D-9434-EBB8A67F617B}.Debug|x86.Build.0 = Debug|Any CPU
		{8509ECE1-8B5D-410D-9434-EBB8A67F617B}.Release|Any CPU.ActiveCfg = Release|Any CPU
		{8509ECE1-8B5D-410D-9434-EBB8A67F617B}.Release|Any CPU.Build.0 = Release|Any CPU
		{8509ECE1-8B5D-410D-9434-EBB8A67F617B}.Release|x64.ActiveCfg = Release|Any CPU
		{8509ECE1-8B5D-410D-9434-EBB8A67F617B}.Release|x64.Build.0 = Release|Any CPU
		{8509ECE1-8B5D-410D-9434-EBB8A67F617B}.Release|x86.ActiveCfg = Release|Any CPU
		{8509ECE1-8B5D-410D-9434-EBB8A67F617B}.Release|x86.Build.0 = Release|Any CPU
		{23790C9A-BD01-4926-B073-B47F257ED59D}.Debug|Any CPU.ActiveCfg = Debug|Any CPU
		{23790C9A-BD01-4926-B073-B47F257ED59D}.Debug|Any CPU.Build.0 = Debug|Any CPU
		{23790C9A-BD01-4926-B073-B47F257ED59D}.Debug|x64.ActiveCfg = Debug|Any CPU
		{23790C9A-BD01-4926-B073-B47F257ED59D}.Debug|x64.Build.0 = Debug|Any CPU
		{23790C9A-BD01-4926-B073-B47F257ED59D}.Debug|x86.ActiveCfg = Debug|Any CPU
		{23790C9A-BD01-4926-B073-B47F257ED59D}.Debug|x86.Build.0 = Debug|Any CPU
		{23790C9A-BD01-4926-B073-B47F257ED59D}.Release|Any CPU.ActiveCfg = Release|Any CPU
		{23790C9A-BD01-4926-B073-B47F257ED59D}.Release|Any CPU.Build.0 = Release|Any CPU
		{23790C9A-BD01-4926-B073-B47F257ED59D}.Release|x64.ActiveCfg = Release|Any CPU
		{23790C9A-BD01-4926-B073-B47F257ED59D}.Release|x64.Build.0 = Release|Any CPU
		{23790C9A-BD01-4926-B073-B47F257ED59D}.Release|x86.ActiveCfg = Release|Any CPU
		{23790C9A-BD01-4926-B073-B47F257ED59D}.Release|x86.Build.0 = Release|Any CPU
		{A5B352BC-2289-4768-9704-3E2FD28F3435}.Debug|Any CPU.ActiveCfg = Debug|Any CPU
		{A5B352BC-2289-4768-9704-3E2FD28F3435}.Debug|Any CPU.Build.0 = Debug|Any CPU
		{A5B352BC-2289-4768-9704-3E2FD28F3435}.Debug|x64.ActiveCfg = Debug|Any CPU
		{A5B352BC-2289-4768-9704-3E2FD28F3435}.Debug|x64.Build.0 = Debug|Any CPU
		{A5B352BC-2289-4768-9704-3E2FD28F3435}.Debug|x86.ActiveCfg = Debug|Any CPU
		{A5B352BC-2289-4768-9704-3E2FD28F3435}.Debug|x86.Build.0 = Debug|Any CPU
		{A5B352BC-2289-4768-9704-3E2FD28F3435}.Release|Any CPU.ActiveCfg = Release|Any CPU
		{A5B352BC-2289-4768-9704-3E2FD28F3435}.Release|Any CPU.Build.0 = Release|Any CPU
		{A5B352BC-2289-4768-9704-3E2FD28F3435}.Release|x64.ActiveCfg = Release|Any CPU
		{A5B352BC-2289-4768-9704-3E2FD28F3435}.Release|x64.Build.0 = Release|Any CPU
		{A5B352BC-2289-4768-9704-3E2FD28F3435}.Release|x86.ActiveCfg = Release|Any CPU
		{A5B352BC-2289-4768-9704-3E2FD28F3435}.Release|x86.Build.0 = Release|Any CPU
	EndGlobalSection
	GlobalSection(SolutionProperties) = preSolution
		HideSolutionNode = FALSE
	EndGlobalSection
	GlobalSection(NestedProjects) = preSolution
		{BB145D5E-DC92-427B-8A74-0D2ADBE12234} = {D172BA25-AC9B-4ECA-B991-5E86E321EEFB}
		{8BFC5CB8-6236-44A1-B4C4-49351EDA934E} = {16B4D0B4-356D-46EF-BEB6-276BB14AE96F}
		{D834080C-E1BC-4AA6-9FA0-71128C7CD960} = {16B4D0B4-356D-46EF-BEB6-276BB14AE96F}
		{31D05646-0C61-434E-9828-8BBB9488900C} = {D834080C-E1BC-4AA6-9FA0-71128C7CD960}
		{539E2992-5C0E-44AF-B938-7CFC45C98DEB} = {8BFC5CB8-6236-44A1-B4C4-49351EDA934E}
		{751A2CF6-A5E6-48B8-A228-D92067D97A6E} = {BB145D5E-DC92-427B-8A74-0D2ADBE12234}
		{98673CA2-D747-4CB4-9313-52C557BA3A11} = {BE8C24D9-8E61-422F-8EF5-40B1984C2DAB}
		{BE8C24D9-8E61-422F-8EF5-40B1984C2DAB} = {32F8E9CB-C827-4617-8A60-34EAE7CFD63E}
		{8509ECE1-8B5D-410D-9434-EBB8A67F617B} = {131C26B7-3D94-4F0D-97B4-572D5CB93494}
		{131C26B7-3D94-4F0D-97B4-572D5CB93494} = {32F8E9CB-C827-4617-8A60-34EAE7CFD63E}
		{23790C9A-BD01-4926-B073-B47F257ED59D} = {CF0B67A2-01A2-46CB-9413-D9571EECDA98}
		{CF0B67A2-01A2-46CB-9413-D9571EECDA98} = {08FED592-0569-4A16-BF41-93925D5BB01C}
		{A5B352BC-2289-4768-9704-3E2FD28F3435} = {5679E2B7-5C39-4428-BB28-9EEE7A4F978B}
		{5679E2B7-5C39-4428-BB28-9EEE7A4F978B} = {08FED592-0569-4A16-BF41-93925D5BB01C}
	EndGlobalSection
	GlobalSection(ExtensibilityGlobals) = postSolution
		SolutionGuid = {0AAC09BC-B6C2-4221-83BB-CB363DA97007}
	EndGlobalSection
EndGlobal
