
Microsoft Visual Studio Solution File, Format Version 12.00
# Visual Studio Version 16
VisualStudioVersion = 16.0.30907.101
MinimumVisualStudioVersion = 10.0.40219.1
Project("{FAE04EC0-301F-11D3-BF4B-00C04F79EFBC}") = "lab3sharp", "lab3sharp\lab3sharp.csproj", "{F2DA2D01-210C-4595-AD14-71CD63E60810}"
EndProject
Project("{9A19103F-16F7-4668-BE54-9A1E7A4F7556}") = "lab1csharp", "..\lab1csharp\lab1csharp\lab1csharp.csproj", "{90F00494-66E8-4836-BE33-A27546249F6A}"
EndProject
Project("{FAE04EC0-301F-11D3-BF4B-00C04F79EFBC}") = "lab2sharp", "..\lab2sharp\lab2sharp\lab2sharp.csproj", "{753F4C60-4CFD-472B-8A3B-1170C5E50107}"
EndProject
Project("{2150E333-8FDC-42A3-9474-1A3956D46DE8}") = "lab1csharp", "lab1csharp", "{7B8E8549-503B-4B97-8697-FCD6424959AC}"
EndProject
Project("{2150E333-8FDC-42A3-9474-1A3956D46DE8}") = "lab2csharp", "lab2csharp", "{C87C0C35-EEB4-4B1D-B6A6-0ED54A3A8FC8}"
EndProject
Project("{2150E333-8FDC-42A3-9474-1A3956D46DE8}") = "lab3csharp", "lab3csharp", "{52D6AD28-1C3F-491A-BA2B-DB008B91D962}"
EndProject
Global
	GlobalSection(SolutionConfigurationPlatforms) = preSolution
		Debug|Any CPU = Debug|Any CPU
		Release|Any CPU = Release|Any CPU
	EndGlobalSection
	GlobalSection(ProjectConfigurationPlatforms) = postSolution
		{F2DA2D01-210C-4595-AD14-71CD63E60810}.Debug|Any CPU.ActiveCfg = Debug|Any CPU
		{F2DA2D01-210C-4595-AD14-71CD63E60810}.Debug|Any CPU.Build.0 = Debug|Any CPU
		{F2DA2D01-210C-4595-AD14-71CD63E60810}.Release|Any CPU.ActiveCfg = Release|Any CPU
		{F2DA2D01-210C-4595-AD14-71CD63E60810}.Release|Any CPU.Build.0 = Release|Any CPU
		{90F00494-66E8-4836-BE33-A27546249F6A}.Debug|Any CPU.ActiveCfg = Debug|Any CPU
		{90F00494-66E8-4836-BE33-A27546249F6A}.Debug|Any CPU.Build.0 = Debug|Any CPU
		{90F00494-66E8-4836-BE33-A27546249F6A}.Release|Any CPU.ActiveCfg = Release|Any CPU
		{90F00494-66E8-4836-BE33-A27546249F6A}.Release|Any CPU.Build.0 = Release|Any CPU
		{753F4C60-4CFD-472B-8A3B-1170C5E50107}.Debug|Any CPU.ActiveCfg = Debug|Any CPU
		{753F4C60-4CFD-472B-8A3B-1170C5E50107}.Debug|Any CPU.Build.0 = Debug|Any CPU
		{753F4C60-4CFD-472B-8A3B-1170C5E50107}.Release|Any CPU.ActiveCfg = Release|Any CPU
		{753F4C60-4CFD-472B-8A3B-1170C5E50107}.Release|Any CPU.Build.0 = Release|Any CPU
	EndGlobalSection
	GlobalSection(SolutionProperties) = preSolution
		HideSolutionNode = FALSE
	EndGlobalSection
	GlobalSection(NestedProjects) = preSolution
		{F2DA2D01-210C-4595-AD14-71CD63E60810} = {52D6AD28-1C3F-491A-BA2B-DB008B91D962}
		{90F00494-66E8-4836-BE33-A27546249F6A} = {7B8E8549-503B-4B97-8697-FCD6424959AC}
		{753F4C60-4CFD-472B-8A3B-1170C5E50107} = {C87C0C35-EEB4-4B1D-B6A6-0ED54A3A8FC8}
	EndGlobalSection
	GlobalSection(ExtensibilityGlobals) = postSolution
		SolutionGuid = {0AAC09BC-B6C2-4221-83BB-CB363DA97007}
	EndGlobalSection
EndGlobal
