
Microsoft Visual Studio Solution File, Format Version 12.00
# Visual Studio Version 16
VisualStudioVersion = 16.0.30907.101
MinimumVisualStudioVersion = 10.0.40219.1
Project("{FAE04EC0-301F-11D3-BF4B-00C04F79EFBC}") = "lab2sharp", "lab2sharp\lab2sharp.csproj", "{753F4C60-4CFD-472B-8A3B-1170C5E50107}"
EndProject
Global
	GlobalSection(SolutionConfigurationPlatforms) = preSolution
		Debug|Any CPU = Debug|Any CPU
		Release|Any CPU = Release|Any CPU
	EndGlobalSection
	GlobalSection(ProjectConfigurationPlatforms) = postSolution
		{753F4C60-4CFD-472B-8A3B-1170C5E50107}.Debug|Any CPU.ActiveCfg = Debug|Any CPU
		{753F4C60-4CFD-472B-8A3B-1170C5E50107}.Debug|Any CPU.Build.0 = Debug|Any CPU
		{753F4C60-4CFD-472B-8A3B-1170C5E50107}.Release|Any CPU.ActiveCfg = Release|Any CPU
		{753F4C60-4CFD-472B-8A3B-1170C5E50107}.Release|Any CPU.Build.0 = Release|Any CPU
	EndGlobalSection
	GlobalSection(SolutionProperties) = preSolution
		HideSolutionNode = FALSE
	EndGlobalSection
	GlobalSection(ExtensibilityGlobals) = postSolution
		SolutionGuid = {31B8F956-8873-4EDA-959B-FD90BBB90730}
	EndGlobalSection
EndGlobal
